langcode: en
status: true
dependencies:
  module:
    - rn_content
    - rn_user
  theme:
    - russiantrains
third_party_settings:
  rn_content:
    classes: ''
id: loginregisterblock
theme: russiantrains
region: header_second
weight: -13
provider: null
plugin: login_register_block
settings:
  id: login_register_block
  label: 'Login/register block'
  provider: rn_user
  label_display: '0'
  image: '1797'
  button_label_anonymous: 'sign in'
  button_label_authorized: 'my account'
visibility: {  }
