uuid: 356efb36-7c50-439e-acd5-49f8cdad606c
langcode: en
status: true
dependencies:
  module:
    - rn_content
    - rn_user
    - system
  theme:
    - russiantraintickets
third_party_settings:
  rn_content:
    classes: ''
_core:
  default_config_hash: wNQL_-ALhcleGXcl5gwaGuXSh7NJBCjTm6S5WT2ggUk
id: userinfoblock
theme: russiantraintickets
region: content
weight: -16
provider: null
plugin: userinfoblock
settings:
  id: userinfoblock
  label: 'User info block'
  provider: rn_user
  label_display: '0'
visibility:
  request_path:
    id: request_path
    pages: '/user/*'
    negate: false
    context_mapping: {  }
